
Microsoft Visual Studio Solution File, Format Version 12.00
# Visual Studio Version 17
VisualStudioVersion = 17.10.34804.81
MinimumVisualStudioVersion = 10.0.40219.1
Project("{FAE04EC0-301F-11D3-BF4B-00C04F79EFBC}") = "Tic-Tac-Toe Game", "Tic-Tac-Toe Game.csproj", "{FAC62429-F336-48A6-A2F4-AB7DFA2CE7DE}"
EndProject
Global
	GlobalSection(SolutionConfigurationPlatforms) = preSolution
		Debug|Any CPU = Debug|Any CPU
		Release|Any CPU = Release|Any CPU
	EndGlobalSection
	GlobalSection(ProjectConfigurationPlatforms) = postSolution
		{FAC62429-F336-48A6-A2F4-AB7DFA2CE7DE}.Debug|Any CPU.ActiveCfg = Debug|Any CPU
		{FAC62429-F336-48A6-A2F4-AB7DFA2CE7DE}.Debug|Any CPU.Build.0 = Debug|Any CPU
		{FAC62429-F336-48A6-A2F4-AB7DFA2CE7DE}.Release|Any CPU.ActiveCfg = Release|Any CPU
		{FAC62429-F336-48A6-A2F4-AB7DFA2CE7DE}.Release|Any CPU.Build.0 = Release|Any CPU
	EndGlobalSection
	GlobalSection(SolutionProperties) = preSolution
		HideSolutionNode = FALSE
	EndGlobalSection
	GlobalSection(ExtensibilityGlobals) = postSolution
		SolutionGuid = {EEA6D352-58E3-4783-BEDE-EB697A9D313B}
	EndGlobalSection
EndGlobal
